
Microsoft Visual Studio Solution File, Format Version 12.00
# Visual Studio Version 16
VisualStudioVersion = 16.0.31321.278
MinimumVisualStudioVersion = 10.0.40219.1
Project("{2150E333-8FDC-42A3-9474-1A3956D46DE8}") = "Unit01", "Unit01", "{8DD8473C-441F-40C2-96F1-D8A3D578A3E1}"
EndProject
Project("{8BC9CEB8-8B4A-11D0-8D11-00A0C91BC942}") = "Exercise3", "Unit01\Exercise3\Exercise3.vcxproj", "{35213EF5-13C9-4E5D-891E-BDA242B7D989}"
EndProject
Project("{8BC9CEB8-8B4A-11D0-8D11-00A0C91BC942}") = "Exercise2", "Unit01\Exercise2\Exercise2.vcxproj", "{E8794111-4369-4E3A-BBF5-D52D3790FC25}"
EndProject
Project("{2150E333-8FDC-42A3-9474-1A3956D46DE8}") = "Lab01", "Lab01", "{7D7B6EC4-A35B-45D4-BFD0-13BFDC350419}"
EndProject
Project("{8BC9CEB8-8B4A-11D0-8D11-00A0C91BC942}") = "lab1", "Lab01\lab1\lab1.vcxproj", "{C13FAA91-58E7-4A8B-B3ED-D5CA6DD6AD67}"
EndProject
Project("{8BC9CEB8-8B4A-11D0-8D11-00A0C91BC942}") = "lab2", "Lab01\lab2\lab2.vcxproj", "{ABD14C36-1A40-4A4E-A776-FE877F0C8C21}"
EndProject
Project("{2150E333-8FDC-42A3-9474-1A3956D46DE8}") = "Unit02", "Unit02", "{BD9C19AF-BCCB-4AB4-AD8C-7659F1C94F4D}"
EndProject
Project("{8BC9CEB8-8B4A-11D0-8D11-00A0C91BC942}") = "OJ1", "Unit02\OJ1\OJ1.vcxproj", "{F1A0E356-D23E-4061-9945-1867CA2A9EC6}"
EndProject
Project("{8BC9CEB8-8B4A-11D0-8D11-00A0C91BC942}") = "OJ2", "Unit02\OJ2\OJ2.vcxproj", "{83E196FC-A186-47DE-A0D4-0B3947180AA5}"
EndProject
Project("{2150E333-8FDC-42A3-9474-1A3956D46DE8}") = "Lab02", "Lab02", "{DBF61016-7513-410E-9AD1-2077D855BD58}"
EndProject
Project("{8BC9CEB8-8B4A-11D0-8D11-00A0C91BC942}") = "question1", "Lab02\question1\question1.vcxproj", "{A4E258E3-0378-4830-97CC-2D3C62ED9011}"
EndProject
Project("{8BC9CEB8-8B4A-11D0-8D11-00A0C91BC942}") = "question2", "Lab02\question2\question2.vcxproj", "{560C6ED8-14A1-4A99-91E1-69CD52B440F6}"
EndProject
Project("{2150E333-8FDC-42A3-9474-1A3956D46DE8}") = "Unit03", "Unit03", "{1ED7EBD0-374A-4BB4-A285-15D446B950A3}"
EndProject
Project("{8BC9CEB8-8B4A-11D0-8D11-00A0C91BC942}") = "OJ1", "Unit03\OJ1\OJ1.vcxproj", "{8D6B80B3-C8BE-4642-9182-E4B342CC39AF}"
EndProject
Project("{2150E333-8FDC-42A3-9474-1A3956D46DE8}") = "Lab03", "Lab03", "{8408AE4C-F71F-4592-B6CD-76C9B62D3D4F}"
EndProject
Project("{8BC9CEB8-8B4A-11D0-8D11-00A0C91BC942}") = "question1", "Lab03\question1\question1.vcxproj", "{5D9C7B73-50A5-48BE-BD2D-B8E046953407}"
EndProject
Project("{2150E333-8FDC-42A3-9474-1A3956D46DE8}") = "Lab04", "Lab04", "{DC1EB0B4-7FF2-4F91-B2B0-7E2CDB5B60DD}"
EndProject
Project("{8BC9CEB8-8B4A-11D0-8D11-00A0C91BC942}") = "Question1", "Lab04\Question1\Question1.vcxproj", "{CA8F115E-0F3E-453F-B3B8-06E9888A3CEE}"
EndProject
Project("{8BC9CEB8-8B4A-11D0-8D11-00A0C91BC942}") = "Question2", "Lab04\Question2\Question2.vcxproj", "{49945E02-29A5-4A7A-B22A-C50483C35CB5}"
EndProject
Project("{2150E333-8FDC-42A3-9474-1A3956D46DE8}") = "Unit06", "Unit06", "{09892C57-0D3C-4680-9F52-514D573E180B}"
EndProject
Project("{8BC9CEB8-8B4A-11D0-8D11-00A0C91BC942}") = "OJ2", "Unit06\OJ2\OJ2.vcxproj", "{659DA2FA-E679-4E41-A730-F789C943225D}"
EndProject
Project("{8BC9CEB8-8B4A-11D0-8D11-00A0C91BC942}") = "OJ1", "Unit06\OJ1\OJ1.vcxproj", "{55ED9F2E-DC67-4288-8A50-29E3EB1422E9}"
EndProject
Project("{8BC9CEB8-8B4A-11D0-8D11-00A0C91BC942}") = "OJ3", "Unit06\OJ3\OJ3.vcxproj", "{0B663A97-16DD-4E7E-99F6-AC989B7B0368}"
EndProject
Project("{2150E333-8FDC-42A3-9474-1A3956D46DE8}") = "Lab05", "Lab05", "{B06F5E96-3B4A-4EDB-B485-99C332375B47}"
EndProject
Project("{8BC9CEB8-8B4A-11D0-8D11-00A0C91BC942}") = "Question1", "Lab05\Question1\Question1.vcxproj", "{5744C639-EE14-4D29-B635-AE78EAB8E0E3}"
EndProject
Project("{2150E333-8FDC-42A3-9474-1A3956D46DE8}") = "Lab06", "Lab06", "{4728B604-604E-4235-9C5D-85F23B647172}"
EndProject
Project("{8BC9CEB8-8B4A-11D0-8D11-00A0C91BC942}") = "Question1", "Lab06\Question1\Question1.vcxproj", "{1DB41F27-455A-44E5-9AF4-90A9F2B2B00D}"
EndProject
Project("{8BC9CEB8-8B4A-11D0-8D11-00A0C91BC942}") = "Question2", "Lab06\Question2\Question2.vcxproj", "{5771DA39-32B3-4EEC-B57C-077A587DA617}"
EndProject
Project("{2150E333-8FDC-42A3-9474-1A3956D46DE8}") = "Lab07", "Lab07", "{E9598EEB-C7A3-40CA-9531-01945E0F96B5}"
EndProject
Project("{8BC9CEB8-8B4A-11D0-8D11-00A0C91BC942}") = "Question2", "Lab07\Question2\Question2.vcxproj", "{BA819CAE-9798-42D2-A721-A784954515B5}"
EndProject
Project("{8BC9CEB8-8B4A-11D0-8D11-00A0C91BC942}") = "Question1", "Lab07\Question1\Question1.vcxproj", "{F1916986-BC9B-4FE4-8C7B-D3D05FABC3AA}"
EndProject
Global
	GlobalSection(SolutionConfigurationPlatforms) = preSolution
		Debug|x64 = Debug|x64
		Debug|x86 = Debug|x86
		Release|x64 = Release|x64
		Release|x86 = Release|x86
	EndGlobalSection
	GlobalSection(ProjectConfigurationPlatforms) = postSolution
		{35213EF5-13C9-4E5D-891E-BDA242B7D989}.Debug|x64.ActiveCfg = Debug|x64
		{35213EF5-13C9-4E5D-891E-BDA242B7D989}.Debug|x64.Build.0 = Debug|x64
		{35213EF5-13C9-4E5D-891E-BDA242B7D989}.Debug|x86.ActiveCfg = Debug|Win32
		{35213EF5-13C9-4E5D-891E-BDA242B7D989}.Debug|x86.Build.0 = Debug|Win32
		{35213EF5-13C9-4E5D-891E-BDA242B7D989}.Release|x64.ActiveCfg = Release|x64
		{35213EF5-13C9-4E5D-891E-BDA242B7D989}.Release|x64.Build.0 = Release|x64
		{35213EF5-13C9-4E5D-891E-BDA242B7D989}.Release|x86.ActiveCfg = Release|Win32
		{35213EF5-13C9-4E5D-891E-BDA242B7D989}.Release|x86.Build.0 = Release|Win32
		{E8794111-4369-4E3A-BBF5-D52D3790FC25}.Debug|x64.ActiveCfg = Debug|x64
		{E8794111-4369-4E3A-BBF5-D52D3790FC25}.Debug|x64.Build.0 = Debug|x64
		{E8794111-4369-4E3A-BBF5-D52D3790FC25}.Debug|x86.ActiveCfg = Debug|Win32
		{E8794111-4369-4E3A-BBF5-D52D3790FC25}.Debug|x86.Build.0 = Debug|Win32
		{E8794111-4369-4E3A-BBF5-D52D3790FC25}.Release|x64.ActiveCfg = Release|x64
		{E8794111-4369-4E3A-BBF5-D52D3790FC25}.Release|x64.Build.0 = Release|x64
		{E8794111-4369-4E3A-BBF5-D52D3790FC25}.Release|x86.ActiveCfg = Release|Win32
		{E8794111-4369-4E3A-BBF5-D52D3790FC25}.Release|x86.Build.0 = Release|Win32
		{C13FAA91-58E7-4A8B-B3ED-D5CA6DD6AD67}.Debug|x64.ActiveCfg = Debug|x64
		{C13FAA91-58E7-4A8B-B3ED-D5CA6DD6AD67}.Debug|x64.Build.0 = Debug|x64
		{C13FAA91-58E7-4A8B-B3ED-D5CA6DD6AD67}.Debug|x86.ActiveCfg = Debug|Win32
		{C13FAA91-58E7-4A8B-B3ED-D5CA6DD6AD67}.Debug|x86.Build.0 = Debug|Win32
		{C13FAA91-58E7-4A8B-B3ED-D5CA6DD6AD67}.Release|x64.ActiveCfg = Release|x64
		{C13FAA91-58E7-4A8B-B3ED-D5CA6DD6AD67}.Release|x64.Build.0 = Release|x64
		{C13FAA91-58E7-4A8B-B3ED-D5CA6DD6AD67}.Release|x86.ActiveCfg = Release|Win32
		{C13FAA91-58E7-4A8B-B3ED-D5CA6DD6AD67}.Release|x86.Build.0 = Release|Win32
		{ABD14C36-1A40-4A4E-A776-FE877F0C8C21}.Debug|x64.ActiveCfg = Debug|x64
		{ABD14C36-1A40-4A4E-A776-FE877F0C8C21}.Debug|x64.Build.0 = Debug|x64
		{ABD14C36-1A40-4A4E-A776-FE877F0C8C21}.Debug|x86.ActiveCfg = Debug|Win32
		{ABD14C36-1A40-4A4E-A776-FE877F0C8C21}.Debug|x86.Build.0 = Debug|Win32
		{ABD14C36-1A40-4A4E-A776-FE877F0C8C21}.Release|x64.ActiveCfg = Release|x64
		{ABD14C36-1A40-4A4E-A776-FE877F0C8C21}.Release|x64.Build.0 = Release|x64
		{ABD14C36-1A40-4A4E-A776-FE877F0C8C21}.Release|x86.ActiveCfg = Release|Win32
		{ABD14C36-1A40-4A4E-A776-FE877F0C8C21}.Release|x86.Build.0 = Release|Win32
		{F1A0E356-D23E-4061-9945-1867CA2A9EC6}.Debug|x64.ActiveCfg = Debug|x64
		{F1A0E356-D23E-4061-9945-1867CA2A9EC6}.Debug|x64.Build.0 = Debug|x64
		{F1A0E356-D23E-4061-9945-1867CA2A9EC6}.Debug|x86.ActiveCfg = Debug|Win32
		{F1A0E356-D23E-4061-9945-1867CA2A9EC6}.Debug|x86.Build.0 = Debug|Win32
		{F1A0E356-D23E-4061-9945-1867CA2A9EC6}.Release|x64.ActiveCfg = Release|x64
		{F1A0E356-D23E-4061-9945-1867CA2A9EC6}.Release|x64.Build.0 = Release|x64
		{F1A0E356-D23E-4061-9945-1867CA2A9EC6}.Release|x86.ActiveCfg = Release|Win32
		{F1A0E356-D23E-4061-9945-1867CA2A9EC6}.Release|x86.Build.0 = Release|Win32
		{83E196FC-A186-47DE-A0D4-0B3947180AA5}.Debug|x64.ActiveCfg = Debug|x64
		{83E196FC-A186-47DE-A0D4-0B3947180AA5}.Debug|x64.Build.0 = Debug|x64
		{83E196FC-A186-47DE-A0D4-0B3947180AA5}.Debug|x86.ActiveCfg = Debug|Win32
		{83E196FC-A186-47DE-A0D4-0B3947180AA5}.Debug|x86.Build.0 = Debug|Win32
		{83E196FC-A186-47DE-A0D4-0B3947180AA5}.Release|x64.ActiveCfg = Release|x64
		{83E196FC-A186-47DE-A0D4-0B3947180AA5}.Release|x64.Build.0 = Release|x64
		{83E196FC-A186-47DE-A0D4-0B3947180AA5}.Release|x86.ActiveCfg = Release|Win32
		{83E196FC-A186-47DE-A0D4-0B3947180AA5}.Release|x86.Build.0 = Release|Win32
		{A4E258E3-0378-4830-97CC-2D3C62ED9011}.Debug|x64.ActiveCfg = Debug|x64
		{A4E258E3-0378-4830-97CC-2D3C62ED9011}.Debug|x64.Build.0 = Debug|x64
		{A4E258E3-0378-4830-97CC-2D3C62ED9011}.Debug|x86.ActiveCfg = Debug|Win32
		{A4E258E3-0378-4830-97CC-2D3C62ED9011}.Debug|x86.Build.0 = Debug|Win32
		{A4E258E3-0378-4830-97CC-2D3C62ED9011}.Release|x64.ActiveCfg = Release|x64
		{A4E258E3-0378-4830-97CC-2D3C62ED9011}.Release|x64.Build.0 = Release|x64
		{A4E258E3-0378-4830-97CC-2D3C62ED9011}.Release|x86.ActiveCfg = Release|Win32
		{A4E258E3-0378-4830-97CC-2D3C62ED9011}.Release|x86.Build.0 = Release|Win32
		{560C6ED8-14A1-4A99-91E1-69CD52B440F6}.Debug|x64.ActiveCfg = Debug|x64
		{560C6ED8-14A1-4A99-91E1-69CD52B440F6}.Debug|x64.Build.0 = Debug|x64
		{560C6ED8-14A1-4A99-91E1-69CD52B440F6}.Debug|x86.ActiveCfg = Debug|Win32
		{560C6ED8-14A1-4A99-91E1-69CD52B440F6}.Debug|x86.Build.0 = Debug|Win32
		{560C6ED8-14A1-4A99-91E1-69CD52B440F6}.Release|x64.ActiveCfg = Release|x64
		{560C6ED8-14A1-4A99-91E1-69CD52B440F6}.Release|x64.Build.0 = Release|x64
		{560C6ED8-14A1-4A99-91E1-69CD52B440F6}.Release|x86.ActiveCfg = Release|Win32
		{560C6ED8-14A1-4A99-91E1-69CD52B440F6}.Release|x86.Build.0 = Release|Win32
		{8D6B80B3-C8BE-4642-9182-E4B342CC39AF}.Debug|x64.ActiveCfg = Debug|x64
		{8D6B80B3-C8BE-4642-9182-E4B342CC39AF}.Debug|x64.Build.0 = Debug|x64
		{8D6B80B3-C8BE-4642-9182-E4B342CC39AF}.Debug|x86.ActiveCfg = Debug|Win32
		{8D6B80B3-C8BE-4642-9182-E4B342CC39AF}.Debug|x86.Build.0 = Debug|Win32
		{8D6B80B3-C8BE-4642-9182-E4B342CC39AF}.Release|x64.ActiveCfg = Release|x64
		{8D6B80B3-C8BE-4642-9182-E4B342CC39AF}.Release|x64.Build.0 = Release|x64
		{8D6B80B3-C8BE-4642-9182-E4B342CC39AF}.Release|x86.ActiveCfg = Release|Win32
		{8D6B80B3-C8BE-4642-9182-E4B342CC39AF}.Release|x86.Build.0 = Release|Win32
		{5D9C7B73-50A5-48BE-BD2D-B8E046953407}.Debug|x64.ActiveCfg = Debug|x64
		{5D9C7B73-50A5-48BE-BD2D-B8E046953407}.Debug|x64.Build.0 = Debug|x64
		{5D9C7B73-50A5-48BE-BD2D-B8E046953407}.Debug|x86.ActiveCfg = Debug|Win32
		{5D9C7B73-50A5-48BE-BD2D-B8E046953407}.Debug|x86.Build.0 = Debug|Win32
		{5D9C7B73-50A5-48BE-BD2D-B8E046953407}.Release|x64.ActiveCfg = Release|x64
		{5D9C7B73-50A5-48BE-BD2D-B8E046953407}.Release|x64.Build.0 = Release|x64
		{5D9C7B73-50A5-48BE-BD2D-B8E046953407}.Release|x86.ActiveCfg = Release|Win32
		{5D9C7B73-50A5-48BE-BD2D-B8E046953407}.Release|x86.Build.0 = Release|Win32
		{CA8F115E-0F3E-453F-B3B8-06E9888A3CEE}.Debug|x64.ActiveCfg = Debug|x64
		{CA8F115E-0F3E-453F-B3B8-06E9888A3CEE}.Debug|x64.Build.0 = Debug|x64
		{CA8F115E-0F3E-453F-B3B8-06E9888A3CEE}.Debug|x86.ActiveCfg = Debug|Win32
		{CA8F115E-0F3E-453F-B3B8-06E9888A3CEE}.Debug|x86.Build.0 = Debug|Win32
		{CA8F115E-0F3E-453F-B3B8-06E9888A3CEE}.Release|x64.ActiveCfg = Release|x64
		{CA8F115E-0F3E-453F-B3B8-06E9888A3CEE}.Release|x64.Build.0 = Release|x64
		{CA8F115E-0F3E-453F-B3B8-06E9888A3CEE}.Release|x86.ActiveCfg = Release|Win32
		{CA8F115E-0F3E-453F-B3B8-06E9888A3CEE}.Release|x86.Build.0 = Release|Win32
		{49945E02-29A5-4A7A-B22A-C50483C35CB5}.Debug|x64.ActiveCfg = Debug|x64
		{49945E02-29A5-4A7A-B22A-C50483C35CB5}.Debug|x64.Build.0 = Debug|x64
		{49945E02-29A5-4A7A-B22A-C50483C35CB5}.Debug|x86.ActiveCfg = Debug|Win32
		{49945E02-29A5-4A7A-B22A-C50483C35CB5}.Debug|x86.Build.0 = Debug|Win32
		{49945E02-29A5-4A7A-B22A-C50483C35CB5}.Release|x64.ActiveCfg = Release|x64
		{49945E02-29A5-4A7A-B22A-C50483C35CB5}.Release|x64.Build.0 = Release|x64
		{49945E02-29A5-4A7A-B22A-C50483C35CB5}.Release|x86.ActiveCfg = Release|Win32
		{49945E02-29A5-4A7A-B22A-C50483C35CB5}.Release|x86.Build.0 = Release|Win32
		{659DA2FA-E679-4E41-A730-F789C943225D}.Debug|x64.ActiveCfg = Debug|x64
		{659DA2FA-E679-4E41-A730-F789C943225D}.Debug|x64.Build.0 = Debug|x64
		{659DA2FA-E679-4E41-A730-F789C943225D}.Debug|x86.ActiveCfg = Debug|Win32
		{659DA2FA-E679-4E41-A730-F789C943225D}.Debug|x86.Build.0 = Debug|Win32
		{659DA2FA-E679-4E41-A730-F789C943225D}.Release|x64.ActiveCfg = Release|x64
		{659DA2FA-E679-4E41-A730-F789C943225D}.Release|x64.Build.0 = Release|x64
		{659DA2FA-E679-4E41-A730-F789C943225D}.Release|x86.ActiveCfg = Release|Win32
		{659DA2FA-E679-4E41-A730-F789C943225D}.Release|x86.Build.0 = Release|Win32
		{55ED9F2E-DC67-4288-8A50-29E3EB1422E9}.Debug|x64.ActiveCfg = Debug|x64
		{55ED9F2E-DC67-4288-8A50-29E3EB1422E9}.Debug|x64.Build.0 = Debug|x64
		{55ED9F2E-DC67-4288-8A50-29E3EB1422E9}.Debug|x86.ActiveCfg = Debug|Win32
		{55ED9F2E-DC67-4288-8A50-29E3EB1422E9}.Debug|x86.Build.0 = Debug|Win32
		{55ED9F2E-DC67-4288-8A50-29E3EB1422E9}.Release|x64.ActiveCfg = Release|x64
		{55ED9F2E-DC67-4288-8A50-29E3EB1422E9}.Release|x64.Build.0 = Release|x64
		{55ED9F2E-DC67-4288-8A50-29E3EB1422E9}.Release|x86.ActiveCfg = Release|Win32
		{55ED9F2E-DC67-4288-8A50-29E3EB1422E9}.Release|x86.Build.0 = Release|Win32
		{0B663A97-16DD-4E7E-99F6-AC989B7B0368}.Debug|x64.ActiveCfg = Debug|x64
		{0B663A97-16DD-4E7E-99F6-AC989B7B0368}.Debug|x64.Build.0 = Debug|x64
		{0B663A97-16DD-4E7E-99F6-AC989B7B0368}.Debug|x86.ActiveCfg = Debug|Win32
		{0B663A97-16DD-4E7E-99F6-AC989B7B0368}.Debug|x86.Build.0 = Debug|Win32
		{0B663A97-16DD-4E7E-99F6-AC989B7B0368}.Release|x64.ActiveCfg = Release|x64
		{0B663A97-16DD-4E7E-99F6-AC989B7B0368}.Release|x64.Build.0 = Release|x64
		{0B663A97-16DD-4E7E-99F6-AC989B7B0368}.Release|x86.ActiveCfg = Release|Win32
		{0B663A97-16DD-4E7E-99F6-AC989B7B0368}.Release|x86.Build.0 = Release|Win32
		{5744C639-EE14-4D29-B635-AE78EAB8E0E3}.Debug|x64.ActiveCfg = Debug|x64
		{5744C639-EE14-4D29-B635-AE78EAB8E0E3}.Debug|x64.Build.0 = Debug|x64
		{5744C639-EE14-4D29-B635-AE78EAB8E0E3}.Debug|x86.ActiveCfg = Debug|Win32
		{5744C639-EE14-4D29-B635-AE78EAB8E0E3}.Debug|x86.Build.0 = Debug|Win32
		{5744C639-EE14-4D29-B635-AE78EAB8E0E3}.Release|x64.ActiveCfg = Release|x64
		{5744C639-EE14-4D29-B635-AE78EAB8E0E3}.Release|x64.Build.0 = Release|x64
		{5744C639-EE14-4D29-B635-AE78EAB8E0E3}.Release|x86.ActiveCfg = Release|Win32
		{5744C639-EE14-4D29-B635-AE78EAB8E0E3}.Release|x86.Build.0 = Release|Win32
		{1DB41F27-455A-44E5-9AF4-90A9F2B2B00D}.Debug|x64.ActiveCfg = Debug|x64
		{1DB41F27-455A-44E5-9AF4-90A9F2B2B00D}.Debug|x64.Build.0 = Debug|x64
		{1DB41F27-455A-44E5-9AF4-90A9F2B2B00D}.Debug|x86.ActiveCfg = Debug|Win32
		{1DB41F27-455A-44E5-9AF4-90A9F2B2B00D}.Debug|x86.Build.0 = Debug|Win32
		{1DB41F27-455A-44E5-9AF4-90A9F2B2B00D}.Release|x64.ActiveCfg = Release|x64
		{1DB41F27-455A-44E5-9AF4-90A9F2B2B00D}.Release|x64.Build.0 = Release|x64
		{1DB41F27-455A-44E5-9AF4-90A9F2B2B00D}.Release|x86.ActiveCfg = Release|Win32
		{1DB41F27-455A-44E5-9AF4-90A9F2B2B00D}.Release|x86.Build.0 = Release|Win32
		{5771DA39-32B3-4EEC-B57C-077A587DA617}.Debug|x64.ActiveCfg = Debug|x64
		{5771DA39-32B3-4EEC-B57C-077A587DA617}.Debug|x64.Build.0 = Debug|x64
		{5771DA39-32B3-4EEC-B57C-077A587DA617}.Debug|x86.ActiveCfg = Debug|Win32
		{5771DA39-32B3-4EEC-B57C-077A587DA617}.Debug|x86.Build.0 = Debug|Win32
		{5771DA39-32B3-4EEC-B57C-077A587DA617}.Release|x64.ActiveCfg = Release|x64
		{5771DA39-32B3-4EEC-B57C-077A587DA617}.Release|x64.Build.0 = Release|x64
		{5771DA39-32B3-4EEC-B57C-077A587DA617}.Release|x86.ActiveCfg = Release|Win32
		{5771DA39-32B3-4EEC-B57C-077A587DA617}.Release|x86.Build.0 = Release|Win32
		{BA819CAE-9798-42D2-A721-A784954515B5}.Debug|x64.ActiveCfg = Debug|x64
		{BA819CAE-9798-42D2-A721-A784954515B5}.Debug|x64.Build.0 = Debug|x64
		{BA819CAE-9798-42D2-A721-A784954515B5}.Debug|x86.ActiveCfg = Debug|Win32
		{BA819CAE-9798-42D2-A721-A784954515B5}.Debug|x86.Build.0 = Debug|Win32
		{BA819CAE-9798-42D2-A721-A784954515B5}.Release|x64.ActiveCfg = Release|x64
		{BA819CAE-9798-42D2-A721-A784954515B5}.Release|x64.Build.0 = Release|x64
		{BA819CAE-9798-42D2-A721-A784954515B5}.Release|x86.ActiveCfg = Release|Win32
		{BA819CAE-9798-42D2-A721-A784954515B5}.Release|x86.Build.0 = Release|Win32
		{F1916986-BC9B-4FE4-8C7B-D3D05FABC3AA}.Debug|x64.ActiveCfg = Debug|x64
		{F1916986-BC9B-4FE4-8C7B-D3D05FABC3AA}.Debug|x64.Build.0 = Debug|x64
		{F1916986-BC9B-4FE4-8C7B-D3D05FABC3AA}.Debug|x86.ActiveCfg = Debug|Win32
		{F1916986-BC9B-4FE4-8C7B-D3D05FABC3AA}.Debug|x86.Build.0 = Debug|Win32
		{F1916986-BC9B-4FE4-8C7B-D3D05FABC3AA}.Release|x64.ActiveCfg = Release|x64
		{F1916986-BC9B-4FE4-8C7B-D3D05FABC3AA}.Release|x64.Build.0 = Release|x64
		{F1916986-BC9B-4FE4-8C7B-D3D05FABC3AA}.Release|x86.ActiveCfg = Release|Win32
		{F1916986-BC9B-4FE4-8C7B-D3D05FABC3AA}.Release|x86.Build.0 = Release|Win32
	EndGlobalSection
	GlobalSection(SolutionProperties) = preSolution
		HideSolutionNode = FALSE
	EndGlobalSection
	GlobalSection(NestedProjects) = preSolution
		{35213EF5-13C9-4E5D-891E-BDA242B7D989} = {8DD8473C-441F-40C2-96F1-D8A3D578A3E1}
		{E8794111-4369-4E3A-BBF5-D52D3790FC25} = {8DD8473C-441F-40C2-96F1-D8A3D578A3E1}
		{C13FAA91-58E7-4A8B-B3ED-D5CA6DD6AD67} = {7D7B6EC4-A35B-45D4-BFD0-13BFDC350419}
		{ABD14C36-1A40-4A4E-A776-FE877F0C8C21} = {7D7B6EC4-A35B-45D4-BFD0-13BFDC350419}
		{F1A0E356-D23E-4061-9945-1867CA2A9EC6} = {BD9C19AF-BCCB-4AB4-AD8C-7659F1C94F4D}
		{83E196FC-A186-47DE-A0D4-0B3947180AA5} = {BD9C19AF-BCCB-4AB4-AD8C-7659F1C94F4D}
		{A4E258E3-0378-4830-97CC-2D3C62ED9011} = {DBF61016-7513-410E-9AD1-2077D855BD58}
		{560C6ED8-14A1-4A99-91E1-69CD52B440F6} = {DBF61016-7513-410E-9AD1-2077D855BD58}
		{8D6B80B3-C8BE-4642-9182-E4B342CC39AF} = {1ED7EBD0-374A-4BB4-A285-15D446B950A3}
		{5D9C7B73-50A5-48BE-BD2D-B8E046953407} = {8408AE4C-F71F-4592-B6CD-76C9B62D3D4F}
		{CA8F115E-0F3E-453F-B3B8-06E9888A3CEE} = {DC1EB0B4-7FF2-4F91-B2B0-7E2CDB5B60DD}
		{49945E02-29A5-4A7A-B22A-C50483C35CB5} = {DC1EB0B4-7FF2-4F91-B2B0-7E2CDB5B60DD}
		{659DA2FA-E679-4E41-A730-F789C943225D} = {09892C57-0D3C-4680-9F52-514D573E180B}
		{55ED9F2E-DC67-4288-8A50-29E3EB1422E9} = {09892C57-0D3C-4680-9F52-514D573E180B}
		{0B663A97-16DD-4E7E-99F6-AC989B7B0368} = {09892C57-0D3C-4680-9F52-514D573E180B}
		{5744C639-EE14-4D29-B635-AE78EAB8E0E3} = {B06F5E96-3B4A-4EDB-B485-99C332375B47}
		{1DB41F27-455A-44E5-9AF4-90A9F2B2B00D} = {4728B604-604E-4235-9C5D-85F23B647172}
		{5771DA39-32B3-4EEC-B57C-077A587DA617} = {4728B604-604E-4235-9C5D-85F23B647172}
		{BA819CAE-9798-42D2-A721-A784954515B5} = {E9598EEB-C7A3-40CA-9531-01945E0F96B5}
		{F1916986-BC9B-4FE4-8C7B-D3D05FABC3AA} = {E9598EEB-C7A3-40CA-9531-01945E0F96B5}
	EndGlobalSection
	GlobalSection(ExtensibilityGlobals) = postSolution
		SolutionGuid = {36710A23-CC46-466D-BA91-F6A39B59792A}
	EndGlobalSection
EndGlobal
